
Microsoft Visual Studio Solution File, Format Version 12.00
# Visual Studio Version 16
VisualStudioVersion = 16.0.32413.511
MinimumVisualStudioVersion = 10.0.40219.1
Project("{FAE04EC0-301F-11D3-BF4B-00C04F79EFBC}") = "app-web-backend-2019", "app-web-backend-2019\app-web-backend-2019.csproj", "{0C0C70C7-A905-454B-9EEA-F80571FFE28B}"
EndProject
Global
	GlobalSection(SolutionConfigurationPlatforms) = preSolution
		Debug|Any CPU = Debug|Any CPU
		Release|Any CPU = Release|Any CPU
	EndGlobalSection
	GlobalSection(ProjectConfigurationPlatforms) = postSolution
		{0C0C70C7-A905-454B-9EEA-F80571FFE28B}.Debug|Any CPU.ActiveCfg = Debug|Any CPU
		{0C0C70C7-A905-454B-9EEA-F80571FFE28B}.Debug|Any CPU.Build.0 = Debug|Any CPU
		{0C0C70C7-A905-454B-9EEA-F80571FFE28B}.Release|Any CPU.ActiveCfg = Release|Any CPU
		{0C0C70C7-A905-454B-9EEA-F80571FFE28B}.Release|Any CPU.Build.0 = Release|Any CPU
	EndGlobalSection
	GlobalSection(SolutionProperties) = preSolution
		HideSolutionNode = FALSE
	EndGlobalSection
	GlobalSection(ExtensibilityGlobals) = postSolution
		SolutionGuid = {85C3C990-ED77-47AB-B8E1-DA906B98A6B1}
	EndGlobalSection
EndGlobal
